
Microsoft Visual Studio Solution File, Format Version 12.00
# Visual Studio Version 17
VisualStudioVersion = 17.4.33103.184
MinimumVisualStudioVersion = 10.0.40219.1
Project("{8BC9CEB8-8B4A-11D0-8D11-00A0C91BC942}") = "HW_15", "HW_15\HW_15.vcxproj", "{0D97E0C1-2903-49C1-956E-21C62AA377CB}"
EndProject
Global
	GlobalSection(SolutionConfigurationPlatforms) = preSolution
		Debug|x64 = Debug|x64
		Debug|x86 = Debug|x86
		Release|x64 = Release|x64
		Release|x86 = Release|x86
	EndGlobalSection
	GlobalSection(ProjectConfigurationPlatforms) = postSolution
		{0D97E0C1-2903-49C1-956E-21C62AA377CB}.Debug|x64.ActiveCfg = Debug|x64
		{0D97E0C1-2903-49C1-956E-21C62AA377CB}.Debug|x64.Build.0 = Debug|x64
		{0D97E0C1-2903-49C1-956E-21C62AA377CB}.Debug|x86.ActiveCfg = Debug|Win32
		{0D97E0C1-2903-49C1-956E-21C62AA377CB}.Debug|x86.Build.0 = Debug|Win32
		{0D97E0C1-2903-49C1-956E-21C62AA377CB}.Release|x64.ActiveCfg = Release|x64
		{0D97E0C1-2903-49C1-956E-21C62AA377CB}.Release|x64.Build.0 = Release|x64
		{0D97E0C1-2903-49C1-956E-21C62AA377CB}.Release|x86.ActiveCfg = Release|Win32
		{0D97E0C1-2903-49C1-956E-21C62AA377CB}.Release|x86.Build.0 = Release|Win32
	EndGlobalSection
	GlobalSection(SolutionProperties) = preSolution
		HideSolutionNode = FALSE
	EndGlobalSection
	GlobalSection(ExtensibilityGlobals) = postSolution
		SolutionGuid = {63730BE6-274C-44F6-93A6-95E0C96B77A4}
	EndGlobalSection
EndGlobal
